
Microsoft Visual Studio Solution File, Format Version 12.00
# Visual Studio Version 16
VisualStudioVersion = 16.0.29306.81
MinimumVisualStudioVersion = 10.0.40219.1
Project("{FAE04EC0-301F-11D3-BF4B-00C04F79EFBC}") = "Roleplay", "Roleplay.csproj", "{70F7188C-361B-4D2E-92F8-DF065A6B5163}"
EndProject
Global
	GlobalSection(SolutionConfigurationPlatforms) = preSolution
		Debug|Any CPU = Debug|Any CPU
		Release|Any CPU = Release|Any CPU
	EndGlobalSection
	GlobalSection(ProjectConfigurationPlatforms) = postSolution
		{70F7188C-361B-4D2E-92F8-DF065A6B5163}.Debug|Any CPU.ActiveCfg = Debug|Any CPU
		{70F7188C-361B-4D2E-92F8-DF065A6B5163}.Debug|Any CPU.Build.0 = Debug|Any CPU
		{70F7188C-361B-4D2E-92F8-DF065A6B5163}.Release|Any CPU.ActiveCfg = Release|Any CPU
		{70F7188C-361B-4D2E-92F8-DF065A6B5163}.Release|Any CPU.Build.0 = Release|Any CPU
	EndGlobalSection
	GlobalSection(SolutionProperties) = preSolution
		HideSolutionNode = FALSE
	EndGlobalSection
	GlobalSection(ExtensibilityGlobals) = postSolution
		SolutionGuid = {3C5FECF5-36C5-4698-954C-C5ECA76E560E}
	EndGlobalSection
EndGlobal
